
Microsoft Visual Studio Solution File, Format Version 12.00
# Visual Studio 2013
VisualStudioVersion = 12.0.31101.0
MinimumVisualStudioVersion = 10.0.40219.1
Project("{FAE04EC0-301F-11D3-BF4B-00C04F79EFBC}") = "SharePointListCopy", "SharePointListCopy\SharePointListCopy.csproj", "{AA5F71AF-AD19-4D26-A76E-4B190C8A9197}"
	ProjectSection(ProjectDependencies) = postProject
		{BE95ED29-513C-4A3B-9E81-F8F7B1F12B7C} = {BE95ED29-513C-4A3B-9E81-F8F7B1F12B7C}
	EndProjectSection
EndProject
Project("{FAE04EC0-301F-11D3-BF4B-00C04F79EFBC}") = "ExcelToDocumentLibrary", "ExcelToDocumentLibrary\ExcelToDocumentLibrary.csproj", "{BE95ED29-513C-4A3B-9E81-F8F7B1F12B7C}"
EndProject
Global
	GlobalSection(SolutionConfigurationPlatforms) = preSolution
		Debug|Any CPU = Debug|Any CPU
		Release|Any CPU = Release|Any CPU
	EndGlobalSection
	GlobalSection(ProjectConfigurationPlatforms) = postSolution
		{AA5F71AF-AD19-4D26-A76E-4B190C8A9197}.Debug|Any CPU.ActiveCfg = Debug|Any CPU
		{AA5F71AF-AD19-4D26-A76E-4B190C8A9197}.Debug|Any CPU.Build.0 = Debug|Any CPU
		{AA5F71AF-AD19-4D26-A76E-4B190C8A9197}.Release|Any CPU.ActiveCfg = Release|Any CPU
		{AA5F71AF-AD19-4D26-A76E-4B190C8A9197}.Release|Any CPU.Build.0 = Release|Any CPU
		{AA5F71AF-AD19-4D26-A76E-4B190C8A9197}.Release|Any CPU.Deploy.0 = Release|Any CPU
		{BE95ED29-513C-4A3B-9E81-F8F7B1F12B7C}.Debug|Any CPU.ActiveCfg = Debug|Any CPU
		{BE95ED29-513C-4A3B-9E81-F8F7B1F12B7C}.Debug|Any CPU.Build.0 = Debug|Any CPU
		{BE95ED29-513C-4A3B-9E81-F8F7B1F12B7C}.Release|Any CPU.ActiveCfg = Release|Any CPU
		{BE95ED29-513C-4A3B-9E81-F8F7B1F12B7C}.Release|Any CPU.Build.0 = Release|Any CPU
	EndGlobalSection
	GlobalSection(SolutionProperties) = preSolution
		HideSolutionNode = FALSE
	EndGlobalSection
EndGlobal
